// !$*UTF8*$!
{
	archiveVersion = 1;
	classes = {
	};
	objectVersion = 46;
	objects = {

/* Begin PBXBuildFile section */
		51B04D2F1B86538F0010543A /* AppDelegate.swift in Sources */ = {isa = PBXBuildFile; fileRef = 51B04D2E1B86538F0010543A /* AppDelegate.swift */; };
		51B04D341B86538F0010543A /* Main.storyboard in Resources */ = {isa = PBXBuildFile; fileRef = 51B04D321B86538F0010543A /* Main.storyboard */; };
		51B04D361B86538F0010543A /* Images.xcassets in Resources */ = {isa = PBXBuildFile; fileRef = 51B04D351B86538F0010543A /* Images.xcassets */; };
		51B04D391B86538F0010543A /* LaunchScreen.xib in Resources */ = {isa = PBXBuildFile; fileRef = 51B04D371B86538F0010543A /* LaunchScreen.xib */; };
		51B04D451B86538F0010543A /* MN4Tests.swift in Sources */ = {isa = PBXBuildFile; fileRef = 51B04D441B86538F0010543A /* MN4Tests.swift */; };
		51FEB4101B8924B3003080BE /* Category.swift in Sources */ = {isa = PBXBuildFile; fileRef = 51FEB40D1B8924B3003080BE /* Category.swift */; };
		51FEB4111B8924B3003080BE /* Word.swift in Sources */ = {isa = PBXBuildFile; fileRef = 51FEB40E1B8924B3003080BE /* Word.swift */; };
		51FEB4121B8924B3003080BE /* WordDataBase.swift in Sources */ = {isa = PBXBuildFile; fileRef = 51FEB40F1B8924B3003080BE /* WordDataBase.swift */; };
		51FEB4271B8B652F003080BE /* Level.swift in Sources */ = {isa = PBXBuildFile; fileRef = 51FEB4261B8B652F003080BE /* Level.swift */; };
		5529DC151B8B40B100871DB2 /* PlayerStatus.swift in Sources */ = {isa = PBXBuildFile; fileRef = 5529DC141B8B40B100871DB2 /* PlayerStatus.swift */; };
		5529DC191B8B587F00871DB2 /* Tutorial1.xib in Resources */ = {isa = PBXBuildFile; fileRef = 5529DC181B8B587F00871DB2 /* Tutorial1.xib */; };
		5529DC1B1B8B598E00871DB2 /* GameOverViewController.swift in Sources */ = {isa = PBXBuildFile; fileRef = 5529DC1A1B8B598E00871DB2 /* GameOverViewController.swift */; };
		55528B241CA45622003F7007 /* ProjectStrings.swift in Sources */ = {isa = PBXBuildFile; fileRef = 55528B231CA45622003F7007 /* ProjectStrings.swift */; };
		55528B261CA45BF9003F7007 /* WordDataBaseEnglish.swift in Sources */ = {isa = PBXBuildFile; fileRef = 55528B251CA45BF9003F7007 /* WordDataBaseEnglish.swift */; };
		55528B281CA45C94003F7007 /* WordDataBaseSpanish.swift in Sources */ = {isa = PBXBuildFile; fileRef = 55528B271CA45C94003F7007 /* WordDataBaseSpanish.swift */; };
		5586DEBA1CA4695B002F52B6 /* InfoPlist.strings in Resources */ = {isa = PBXBuildFile; fileRef = 5586DEBC1CA4695B002F52B6 /* InfoPlist.strings */; };
		5586DEBF1CA4695B002F52B6 /* InfoPlist.strings in Resources */ = {isa = PBXBuildFile; fileRef = 5586DEC11CA4695B002F52B6 /* InfoPlist.strings */; };
		5586DEC41CA4695C002F52B6 /* Localizable.strings in Resources */ = {isa = PBXBuildFile; fileRef = 5586DEC61CA4695C002F52B6 /* Localizable.strings */; };
		559920BF1B865B9B00743303 /* StartViewController.swift in Sources */ = {isa = PBXBuildFile; fileRef = 559920BE1B865B9B00743303 /* StartViewController.swift */; };
		559920C11B865BD800743303 /* GameViewController.swift in Sources */ = {isa = PBXBuildFile; fileRef = 559920C01B865BD800743303 /* GameViewController.swift */; };
		559920C31B8668F100743303 /* TutorialViewController.swift in Sources */ = {isa = PBXBuildFile; fileRef = 559920C21B8668F100743303 /* TutorialViewController.swift */; };
		55B6BA891B8F73DC0055535B /* Tutorial2ViewController.swift in Sources */ = {isa = PBXBuildFile; fileRef = 55B6BA881B8F73DC0055535B /* Tutorial2ViewController.swift */; };
		55B79F9B1B8CAA07000C0079 /* Tutorial1.swift in Sources */ = {isa = PBXBuildFile; fileRef = 55B79F9A1B8CAA07000C0079 /* Tutorial1.swift */; };
		55C640F81F153E8E00A68CB9 /* ABC4UITests.swift in Sources */ = {isa = PBXBuildFile; fileRef = 55C640F71F153E8E00A68CB9 /* ABC4UITests.swift */; };
		55C641001F153EB000A68CB9 /* SnapshotHelper.swift in Sources */ = {isa = PBXBuildFile; fileRef = 55C640FF1F153EB000A68CB9 /* SnapshotHelper.swift */; };
		55F1D7ED1B90B1D100C25E88 /* Tutorial3ViewController.swift in Sources */ = {isa = PBXBuildFile; fileRef = 55F1D7EC1B90B1D100C25E88 /* Tutorial3ViewController.swift */; };
		55F7F2F21B875B2B00AB7159 /* Styles.swift in Sources */ = {isa = PBXBuildFile; fileRef = 55F7F2F11B875B2B00AB7159 /* Styles.swift */; };
/* End PBXBuildFile section */

/* Begin PBXContainerItemProxy section */
		51B04D3F1B86538F0010543A /* PBXContainerItemProxy */ = {
			isa = PBXContainerItemProxy;
			containerPortal = 51B04D211B86538F0010543A /* Project object */;
			proxyType = 1;
			remoteGlobalIDString = 51B04D281B86538F0010543A;
			remoteInfo = MN4;
		};
		55C640FA1F153E8E00A68CB9 /* PBXContainerItemProxy */ = {
			isa = PBXContainerItemProxy;
			containerPortal = 51B04D211B86538F0010543A /* Project object */;
			proxyType = 1;
			remoteGlobalIDString = 51B04D281B86538F0010543A;
			remoteInfo = ABC4;
		};
/* End PBXContainerItemProxy section */

/* Begin PBXFileReference section */
		51B04D291B86538F0010543A /* ABC4.app */ = {isa = PBXFileReference; explicitFileType = wrapper.application; includeInIndex = 0; path = ABC4.app; sourceTree = BUILT_PRODUCTS_DIR; };
		51B04D2D1B86538F0010543A /* Info.plist */ = {isa = PBXFileReference; lastKnownFileType = text.plist.xml; path = Info.plist; sourceTree = "<group>"; };
		51B04D2E1B86538F0010543A /* AppDelegate.swift */ = {isa = PBXFileReference; lastKnownFileType = sourcecode.swift; path = AppDelegate.swift; sourceTree = "<group>"; };
		51B04D331B86538F0010543A /* Base */ = {isa = PBXFileReference; lastKnownFileType = file.storyboard; name = Base; path = Base.lproj/Main.storyboard; sourceTree = "<group>"; };
		51B04D351B86538F0010543A /* Images.xcassets */ = {isa = PBXFileReference; lastKnownFileType = folder.assetcatalog; path = Images.xcassets; sourceTree = "<group>"; };
		51B04D381B86538F0010543A /* Base */ = {isa = PBXFileReference; lastKnownFileType = file.xib; name = Base; path = Base.lproj/LaunchScreen.xib; sourceTree = "<group>"; };
		51B04D3E1B86538F0010543A /* ABC4Tests.xctest */ = {isa = PBXFileReference; explicitFileType = wrapper.cfbundle; includeInIndex = 0; path = ABC4Tests.xctest; sourceTree = BUILT_PRODUCTS_DIR; };
		51B04D431B86538F0010543A /* Info.plist */ = {isa = PBXFileReference; lastKnownFileType = text.plist.xml; path = Info.plist; sourceTree = "<group>"; };
		51B04D441B86538F0010543A /* MN4Tests.swift */ = {isa = PBXFileReference; lastKnownFileType = sourcecode.swift; path = MN4Tests.swift; sourceTree = "<group>"; };
		51FEB40D1B8924B3003080BE /* Category.swift */ = {isa = PBXFileReference; fileEncoding = 4; lastKnownFileType = sourcecode.swift; path = Category.swift; sourceTree = "<group>"; };
		51FEB40E1B8924B3003080BE /* Word.swift */ = {isa = PBXFileReference; fileEncoding = 4; lastKnownFileType = sourcecode.swift; path = Word.swift; sourceTree = "<group>"; };
		51FEB40F1B8924B3003080BE /* WordDataBase.swift */ = {isa = PBXFileReference; fileEncoding = 4; lastKnownFileType = sourcecode.swift; path = WordDataBase.swift; sourceTree = "<group>"; };
		51FEB4261B8B652F003080BE /* Level.swift */ = {isa = PBXFileReference; fileEncoding = 4; lastKnownFileType = sourcecode.swift; path = Level.swift; sourceTree = "<group>"; };
		5529DC141B8B40B100871DB2 /* PlayerStatus.swift */ = {isa = PBXFileReference; fileEncoding = 4; lastKnownFileType = sourcecode.swift; path = PlayerStatus.swift; sourceTree = "<group>"; };
		5529DC181B8B587F00871DB2 /* Tutorial1.xib */ = {isa = PBXFileReference; fileEncoding = 4; lastKnownFileType = file.xib; path = Tutorial1.xib; sourceTree = "<group>"; };
		5529DC1A1B8B598E00871DB2 /* GameOverViewController.swift */ = {isa = PBXFileReference; fileEncoding = 4; lastKnownFileType = sourcecode.swift; path = GameOverViewController.swift; sourceTree = "<group>"; };
		55528B231CA45622003F7007 /* ProjectStrings.swift */ = {isa = PBXFileReference; fileEncoding = 4; lastKnownFileType = sourcecode.swift; path = ProjectStrings.swift; sourceTree = "<group>"; };
		55528B251CA45BF9003F7007 /* WordDataBaseEnglish.swift */ = {isa = PBXFileReference; fileEncoding = 4; lastKnownFileType = sourcecode.swift; path = WordDataBaseEnglish.swift; sourceTree = "<group>"; };
		55528B271CA45C94003F7007 /* WordDataBaseSpanish.swift */ = {isa = PBXFileReference; fileEncoding = 4; lastKnownFileType = sourcecode.swift; path = WordDataBaseSpanish.swift; sourceTree = "<group>"; };
		5586DEB41CA46220002F52B6 /* pt-BR */ = {isa = PBXFileReference; lastKnownFileType = text.plist.strings; name = "pt-BR"; path = "pt-BR.lproj/LaunchScreen.strings"; sourceTree = "<group>"; };
		5586DEB51CA46220002F52B6 /* pt-BR */ = {isa = PBXFileReference; lastKnownFileType = text.plist.strings; name = "pt-BR"; path = "pt-BR.lproj/Main.strings"; sourceTree = "<group>"; };
		5586DEB61CA46239002F52B6 /* es */ = {isa = PBXFileReference; lastKnownFileType = text.plist.strings; name = es; path = es.lproj/LaunchScreen.strings; sourceTree = "<group>"; };
		5586DEB71CA46239002F52B6 /* es */ = {isa = PBXFileReference; lastKnownFileType = text.plist.strings; name = es; path = es.lproj/Main.strings; sourceTree = "<group>"; };
		5586DEBB1CA4695B002F52B6 /* pt-BR */ = {isa = PBXFileReference; lastKnownFileType = text.plist.strings; name = "pt-BR"; path = "pt-BR.lproj/InfoPlist.strings"; sourceTree = "<group>"; };
		5586DEC01CA4695B002F52B6 /* pt-BR */ = {isa = PBXFileReference; lastKnownFileType = text.plist.strings; name = "pt-BR"; path = "pt-BR.lproj/InfoPlist.strings"; sourceTree = "<group>"; };
		5586DEC51CA4695C002F52B6 /* pt-BR */ = {isa = PBXFileReference; lastKnownFileType = text.plist.strings; name = "pt-BR"; path = "pt-BR.lproj/Localizable.strings"; sourceTree = "<group>"; };
		5586DEC71CA46BA8002F52B6 /* es */ = {isa = PBXFileReference; lastKnownFileType = text.plist.strings; name = es; path = es.lproj/InfoPlist.strings; sourceTree = "<group>"; };
		5586DEC81CA46BA8002F52B6 /* es */ = {isa = PBXFileReference; lastKnownFileType = text.plist.strings; name = es; path = es.lproj/InfoPlist.strings; sourceTree = "<group>"; };
		5586DEC91CA46BA9002F52B6 /* es */ = {isa = PBXFileReference; lastKnownFileType = text.plist.strings; name = es; path = es.lproj/Localizable.strings; sourceTree = "<group>"; };
		559920BE1B865B9B00743303 /* StartViewController.swift */ = {isa = PBXFileReference; fileEncoding = 4; lastKnownFileType = sourcecode.swift; path = StartViewController.swift; sourceTree = "<group>"; };
		559920C01B865BD800743303 /* GameViewController.swift */ = {isa = PBXFileReference; fileEncoding = 4; lastKnownFileType = sourcecode.swift; path = GameViewController.swift; sourceTree = "<group>"; };
		559920C21B8668F100743303 /* TutorialViewController.swift */ = {isa = PBXFileReference; fileEncoding = 4; lastKnownFileType = sourcecode.swift; path = TutorialViewController.swift; sourceTree = "<group>"; };
		55B6BA881B8F73DC0055535B /* Tutorial2ViewController.swift */ = {isa = PBXFileReference; fileEncoding = 4; lastKnownFileType = sourcecode.swift; path = Tutorial2ViewController.swift; sourceTree = "<group>"; };
		55B79F9A1B8CAA07000C0079 /* Tutorial1.swift */ = {isa = PBXFileReference; fileEncoding = 4; lastKnownFileType = sourcecode.swift; path = Tutorial1.swift; sourceTree = "<group>"; };
		55C640F51F153E8E00A68CB9 /* ABC4UITests.xctest */ = {isa = PBXFileReference; explicitFileType = wrapper.cfbundle; includeInIndex = 0; path = ABC4UITests.xctest; sourceTree = BUILT_PRODUCTS_DIR; };
		55C640F71F153E8E00A68CB9 /* ABC4UITests.swift */ = {isa = PBXFileReference; lastKnownFileType = sourcecode.swift; path = ABC4UITests.swift; sourceTree = "<group>"; };
		55C640F91F153E8E00A68CB9 /* Info.plist */ = {isa = PBXFileReference; lastKnownFileType = text.plist.xml; path = Info.plist; sourceTree = "<group>"; };
		55C640FF1F153EB000A68CB9 /* SnapshotHelper.swift */ = {isa = PBXFileReference; fileEncoding = 4; lastKnownFileType = sourcecode.swift; path = SnapshotHelper.swift; sourceTree = "<group>"; };
		55F1D7EC1B90B1D100C25E88 /* Tutorial3ViewController.swift */ = {isa = PBXFileReference; fileEncoding = 4; lastKnownFileType = sourcecode.swift; path = Tutorial3ViewController.swift; sourceTree = "<group>"; };
		55F7F2F11B875B2B00AB7159 /* Styles.swift */ = {isa = PBXFileReference; fileEncoding = 4; lastKnownFileType = sourcecode.swift; path = Styles.swift; sourceTree = "<group>"; };
/* End PBXFileReference section */

/* Begin PBXFrameworksBuildPhase section */
		51B04D261B86538F0010543A /* Frameworks */ = {
			isa = PBXFrameworksBuildPhase;
			buildActionMask = 2147483647;
			files = (
			);
			runOnlyForDeploymentPostprocessing = 0;
		};
		51B04D3B1B86538F0010543A /* Frameworks */ = {
			isa = PBXFrameworksBuildPhase;
			buildActionMask = 2147483647;
			files = (
			);
			runOnlyForDeploymentPostprocessing = 0;
		};
		55C640F21F153E8E00A68CB9 /* Frameworks */ = {
			isa = PBXFrameworksBuildPhase;
			buildActionMask = 2147483647;
			files = (
			);
			runOnlyForDeploymentPostprocessing = 0;
		};
/* End PBXFrameworksBuildPhase section */

/* Begin PBXGroup section */
		51B04D201B86538F0010543A = {
			isa = PBXGroup;
			children = (
				51B04D2B1B86538F0010543A /* MN4 */,
				51B04D411B86538F0010543A /* MN4Tests */,
				55C640F61F153E8E00A68CB9 /* ABC4UITests */,
				51B04D2A1B86538F0010543A /* Products */,
			);
			sourceTree = "<group>";
		};
		51B04D2A1B86538F0010543A /* Products */ = {
			isa = PBXGroup;
			children = (
				51B04D291B86538F0010543A /* ABC4.app */,
				51B04D3E1B86538F0010543A /* ABC4Tests.xctest */,
				55C640F51F153E8E00A68CB9 /* ABC4UITests.xctest */,
			);
			name = Products;
			sourceTree = "<group>";
		};
		51B04D2B1B86538F0010543A /* MN4 */ = {
			isa = PBXGroup;
			children = (
				55F7F2F01B875A0600AB7159 /* Model */,
				559920BD1B865B4300743303 /* View */,
				55F7F2F31B875C3D00AB7159 /* Controller */,
				51B04D2E1B86538F0010543A /* AppDelegate.swift */,
				51B04D351B86538F0010543A /* Images.xcassets */,
				51B04D2C1B86538F0010543A /* Supporting Files */,
			);
			path = MN4;
			sourceTree = "<group>";
		};
		51B04D2C1B86538F0010543A /* Supporting Files */ = {
			isa = PBXGroup;
			children = (
				5586DEC61CA4695C002F52B6 /* Localizable.strings */,
				5586DEC11CA4695B002F52B6 /* InfoPlist.strings */,
				51B04D2D1B86538F0010543A /* Info.plist */,
			);
			name = "Supporting Files";
			sourceTree = "<group>";
		};
		51B04D411B86538F0010543A /* MN4Tests */ = {
			isa = PBXGroup;
			children = (
				51B04D441B86538F0010543A /* MN4Tests.swift */,
				51B04D421B86538F0010543A /* Supporting Files */,
			);
			path = MN4Tests;
			sourceTree = "<group>";
		};
		51B04D421B86538F0010543A /* Supporting Files */ = {
			isa = PBXGroup;
			children = (
				5586DEBC1CA4695B002F52B6 /* InfoPlist.strings */,
				51B04D431B86538F0010543A /* Info.plist */,
			);
			name = "Supporting Files";
			sourceTree = "<group>";
		};
		559920BD1B865B4300743303 /* View */ = {
			isa = PBXGroup;
			children = (
				51B04D371B86538F0010543A /* LaunchScreen.xib */,
				51B04D321B86538F0010543A /* Main.storyboard */,
				5529DC181B8B587F00871DB2 /* Tutorial1.xib */,
				55B79F9A1B8CAA07000C0079 /* Tutorial1.swift */,
			);
			name = View;
			sourceTree = "<group>";
		};
		55C640F61F153E8E00A68CB9 /* ABC4UITests */ = {
			isa = PBXGroup;
			children = (
				55C640F71F153E8E00A68CB9 /* ABC4UITests.swift */,
				55C640FF1F153EB000A68CB9 /* SnapshotHelper.swift */,
				55C640F91F153E8E00A68CB9 /* Info.plist */,
			);
			path = ABC4UITests;
			sourceTree = "<group>";
		};
		55F7F2F01B875A0600AB7159 /* Model */ = {
			isa = PBXGroup;
			children = (
				51FEB40D1B8924B3003080BE /* Category.swift */,
				51FEB40E1B8924B3003080BE /* Word.swift */,
				51FEB40F1B8924B3003080BE /* WordDataBase.swift */,
				51FEB4261B8B652F003080BE /* Level.swift */,
				55F7F2F11B875B2B00AB7159 /* Styles.swift */,
				5529DC141B8B40B100871DB2 /* PlayerStatus.swift */,
				55528B231CA45622003F7007 /* ProjectStrings.swift */,
				55528B251CA45BF9003F7007 /* WordDataBaseEnglish.swift */,
				55528B271CA45C94003F7007 /* WordDataBaseSpanish.swift */,
			);
			name = Model;
			sourceTree = "<group>";
		};
		55F7F2F31B875C3D00AB7159 /* Controller */ = {
			isa = PBXGroup;
			children = (
				559920BE1B865B9B00743303 /* StartViewController.swift */,
				559920C01B865BD800743303 /* GameViewController.swift */,
				559920C21B8668F100743303 /* TutorialViewController.swift */,
				55B6BA881B8F73DC0055535B /* Tutorial2ViewController.swift */,
				55F1D7EC1B90B1D100C25E88 /* Tutorial3ViewController.swift */,
				5529DC1A1B8B598E00871DB2 /* GameOverViewController.swift */,
			);
			name = Controller;
			sourceTree = "<group>";
		};
/* End PBXGroup section */

/* Begin PBXNativeTarget section */
		51B04D281B86538F0010543A /* ABC4 */ = {
			isa = PBXNativeTarget;
			buildConfigurationList = 51B04D481B86538F0010543A /* Build configuration list for PBXNativeTarget "ABC4" */;
			buildPhases = (
				51B04D251B86538F0010543A /* Sources */,
				51B04D261B86538F0010543A /* Frameworks */,
				51B04D271B86538F0010543A /* Resources */,
			);
			buildRules = (
			);
			dependencies = (
			);
			name = ABC4;
			productName = MN4;
			productReference = 51B04D291B86538F0010543A /* ABC4.app */;
			productType = "com.apple.product-type.application";
		};
		51B04D3D1B86538F0010543A /* ABC4Tests */ = {
			isa = PBXNativeTarget;
			buildConfigurationList = 51B04D4B1B86538F0010543A /* Build configuration list for PBXNativeTarget "ABC4Tests" */;
			buildPhases = (
				51B04D3A1B86538F0010543A /* Sources */,
				51B04D3B1B86538F0010543A /* Frameworks */,
				51B04D3C1B86538F0010543A /* Resources */,
			);
			buildRules = (
			);
			dependencies = (
				51B04D401B86538F0010543A /* PBXTargetDependency */,
			);
			name = ABC4Tests;
			productName = MN4Tests;
			productReference = 51B04D3E1B86538F0010543A /* ABC4Tests.xctest */;
			productType = "com.apple.product-type.bundle.unit-test";
		};
		55C640F41F153E8E00A68CB9 /* ABC4UITests */ = {
			isa = PBXNativeTarget;
			buildConfigurationList = 55C640FC1F153E8E00A68CB9 /* Build configuration list for PBXNativeTarget "ABC4UITests" */;
			buildPhases = (
				55C640F11F153E8E00A68CB9 /* Sources */,
				55C640F21F153E8E00A68CB9 /* Frameworks */,
				55C640F31F153E8E00A68CB9 /* Resources */,
			);
			buildRules = (
			);
			dependencies = (
				55C640FB1F153E8E00A68CB9 /* PBXTargetDependency */,
			);
			name = ABC4UITests;
			productName = ABC4UITests;
			productReference = 55C640F51F153E8E00A68CB9 /* ABC4UITests.xctest */;
			productType = "com.apple.product-type.bundle.ui-testing";
		};
/* End PBXNativeTarget section */

/* Begin PBXProject section */
		51B04D211B86538F0010543A /* Project object */ = {
			isa = PBXProject;
			attributes = {
				LastSwiftMigration = 0720;
				LastSwiftUpdateCheck = 0830;
				LastUpgradeCheck = 0720;
				ORGANIZATIONNAME = "Pedro Rodrigues Grijó";
				TargetAttributes = {
					51B04D281B86538F0010543A = {
						CreatedOnToolsVersion = 6.4;
						DevelopmentTeam = FBQNLH4A3W;
						LastSwiftMigration = 0830;
					};
					51B04D3D1B86538F0010543A = {
						CreatedOnToolsVersion = 6.4;
						DevelopmentTeam = FBQNLH4A3W;
						LastSwiftMigration = 0830;
						TestTargetID = 51B04D281B86538F0010543A;
					};
					55C640F41F153E8E00A68CB9 = {
						CreatedOnToolsVersion = 8.3.3;
						DevelopmentTeam = FBQNLH4A3W;
						ProvisioningStyle = Automatic;
						TestTargetID = 51B04D281B86538F0010543A;
					};
				};
			};
			buildConfigurationList = 51B04D241B86538F0010543A /* Build configuration list for PBXProject "ABC4" */;
			compatibilityVersion = "Xcode 3.2";
			developmentRegion = English;
			hasScannedForEncodings = 0;
			knownRegions = (
				en,
				Base,
			);
			mainGroup = 51B04D201B86538F0010543A;
			productRefGroup = 51B04D2A1B86538F0010543A /* Products */;
			projectDirPath = "";
			projectRoot = "";
			targets = (
				51B04D281B86538F0010543A /* ABC4 */,
				51B04D3D1B86538F0010543A /* ABC4Tests */,
				55C640F41F153E8E00A68CB9 /* ABC4UITests */,
			);
		};
/* End PBXProject section */

/* Begin PBXResourcesBuildPhase section */
		51B04D271B86538F0010543A /* Resources */ = {
			isa = PBXResourcesBuildPhase;
			buildActionMask = 2147483647;
			files = (
				51B04D341B86538F0010543A /* Main.storyboard in Resources */,
				5586DEC41CA4695C002F52B6 /* Localizable.strings in Resources */,
				51B04D391B86538F0010543A /* LaunchScreen.xib in Resources */,
				51B04D361B86538F0010543A /* Images.xcassets in Resources */,
				5529DC191B8B587F00871DB2 /* Tutorial1.xib in Resources */,
				5586DEBF1CA4695B002F52B6 /* InfoPlist.strings in Resources */,
			);
			runOnlyForDeploymentPostprocessing = 0;
		};
		51B04D3C1B86538F0010543A /* Resources */ = {
			isa = PBXResourcesBuildPhase;
			buildActionMask = 2147483647;
			files = (
				5586DEBA1CA4695B002F52B6 /* InfoPlist.strings in Resources */,
			);
			runOnlyForDeploymentPostprocessing = 0;
		};
		55C640F31F153E8E00A68CB9 /* Resources */ = {
			isa = PBXResourcesBuildPhase;
			buildActionMask = 2147483647;
			files = (
			);
			runOnlyForDeploymentPostprocessing = 0;
		};
/* End PBXResourcesBuildPhase section */

/* Begin PBXSourcesBuildPhase section */
		51B04D251B86538F0010543A /* Sources */ = {
			isa = PBXSourcesBuildPhase;
			buildActionMask = 2147483647;
			files = (
				51FEB4121B8924B3003080BE /* WordDataBase.swift in Sources */,
				51FEB4271B8B652F003080BE /* Level.swift in Sources */,
				51B04D2F1B86538F0010543A /* AppDelegate.swift in Sources */,
				51FEB4111B8924B3003080BE /* Word.swift in Sources */,
				55528B281CA45C94003F7007 /* WordDataBaseSpanish.swift in Sources */,
				55F7F2F21B875B2B00AB7159 /* Styles.swift in Sources */,
				5529DC1B1B8B598E00871DB2 /* GameOverViewController.swift in Sources */,
				55F1D7ED1B90B1D100C25E88 /* Tutorial3ViewController.swift in Sources */,
				5529DC151B8B40B100871DB2 /* PlayerStatus.swift in Sources */,
				559920C11B865BD800743303 /* GameViewController.swift in Sources */,
				559920C31B8668F100743303 /* TutorialViewController.swift in Sources */,
				559920BF1B865B9B00743303 /* StartViewController.swift in Sources */,
				51FEB4101B8924B3003080BE /* Category.swift in Sources */,
				55B79F9B1B8CAA07000C0079 /* Tutorial1.swift in Sources */,
				55B6BA891B8F73DC0055535B /* Tutorial2ViewController.swift in Sources */,
				55528B241CA45622003F7007 /* ProjectStrings.swift in Sources */,
				55528B261CA45BF9003F7007 /* WordDataBaseEnglish.swift in Sources */,
			);
			runOnlyForDeploymentPostprocessing = 0;
		};
		51B04D3A1B86538F0010543A /* Sources */ = {
			isa = PBXSourcesBuildPhase;
			buildActionMask = 2147483647;
			files = (
				51B04D451B86538F0010543A /* MN4Tests.swift in Sources */,
			);
			runOnlyForDeploymentPostprocessing = 0;
		};
		55C640F11F153E8E00A68CB9 /* Sources */ = {
			isa = PBXSourcesBuildPhase;
			buildActionMask = 2147483647;
			files = (
				55C640F81F153E8E00A68CB9 /* ABC4UITests.swift in Sources */,
				55C641001F153EB000A68CB9 /* SnapshotHelper.swift in Sources */,
			);
			runOnlyForDeploymentPostprocessing = 0;
		};
/* End PBXSourcesBuildPhase section */

/* Begin PBXTargetDependency section */
		51B04D401B86538F0010543A /* PBXTargetDependency */ = {
			isa = PBXTargetDependency;
			target = 51B04D281B86538F0010543A /* ABC4 */;
			targetProxy = 51B04D3F1B86538F0010543A /* PBXContainerItemProxy */;
		};
		55C640FB1F153E8E00A68CB9 /* PBXTargetDependency */ = {
			isa = PBXTargetDependency;
			target = 51B04D281B86538F0010543A /* ABC4 */;
			targetProxy = 55C640FA1F153E8E00A68CB9 /* PBXContainerItemProxy */;
		};
/* End PBXTargetDependency section */

/* Begin PBXVariantGroup section */
		51B04D321B86538F0010543A /* Main.storyboard */ = {
			isa = PBXVariantGroup;
			children = (
				51B04D331B86538F0010543A /* Base */,
				5586DEB51CA46220002F52B6 /* pt-BR */,
				5586DEB71CA46239002F52B6 /* es */,
			);
			name = Main.storyboard;
			sourceTree = "<group>";
		};
		51B04D371B86538F0010543A /* LaunchScreen.xib */ = {
			isa = PBXVariantGroup;
			children = (
				51B04D381B86538F0010543A /* Base */,
				5586DEB41CA46220002F52B6 /* pt-BR */,
				5586DEB61CA46239002F52B6 /* es */,
			);
			name = LaunchScreen.xib;
			sourceTree = "<group>";
		};
		5586DEBC1CA4695B002F52B6 /* InfoPlist.strings */ = {
			isa = PBXVariantGroup;
			children = (
				5586DEBB1CA4695B002F52B6 /* pt-BR */,
				5586DEC71CA46BA8002F52B6 /* es */,
			);
			name = InfoPlist.strings;
			sourceTree = "<group>";
		};
		5586DEC11CA4695B002F52B6 /* InfoPlist.strings */ = {
			isa = PBXVariantGroup;
			children = (
				5586DEC01CA4695B002F52B6 /* pt-BR */,
				5586DEC81CA46BA8002F52B6 /* es */,
			);
			name = InfoPlist.strings;
			sourceTree = "<group>";
		};
		5586DEC61CA4695C002F52B6 /* Localizable.strings */ = {
			isa = PBXVariantGroup;
			children = (
				5586DEC51CA4695C002F52B6 /* pt-BR */,
				5586DEC91CA46BA9002F52B6 /* es */,
			);
			name = Localizable.strings;
			sourceTree = "<group>";
		};
/* End PBXVariantGroup section */

/* Begin XCBuildConfiguration section */
		51B04D461B86538F0010543A /* Debug */ = {
			isa = XCBuildConfiguration;
			buildSettings = {
				ALWAYS_SEARCH_USER_PATHS = NO;
				CLANG_CXX_LANGUAGE_STANDARD = "gnu++0x";
				CLANG_CXX_LIBRARY = "libc++";
				CLANG_ENABLE_MODULES = YES;
				CLANG_ENABLE_OBJC_ARC = YES;
				CLANG_WARN_BOOL_CONVERSION = YES;
				CLANG_WARN_CONSTANT_CONVERSION = YES;
				CLANG_WARN_DIRECT_OBJC_ISA_USAGE = YES_ERROR;
				CLANG_WARN_EMPTY_BODY = YES;
				CLANG_WARN_ENUM_CONVERSION = YES;
				CLANG_WARN_INT_CONVERSION = YES;
				CLANG_WARN_OBJC_ROOT_CLASS = YES_ERROR;
				CLANG_WARN_UNREACHABLE_CODE = YES;
				CLANG_WARN__DUPLICATE_METHOD_MATCH = YES;
				"CODE_SIGN_IDENTITY[sdk=iphoneos*]" = "iPhone Developer";
				COPY_PHASE_STRIP = NO;
				DEBUG_INFORMATION_FORMAT = "dwarf-with-dsym";
				ENABLE_STRICT_OBJC_MSGSEND = YES;
				ENABLE_TESTABILITY = YES;
				GCC_C_LANGUAGE_STANDARD = gnu99;
				GCC_DYNAMIC_NO_PIC = NO;
				GCC_NO_COMMON_BLOCKS = YES;
				GCC_OPTIMIZATION_LEVEL = 0;
				GCC_PREPROCESSOR_DEFINITIONS = (
					"DEBUG=1",
					"$(inherited)",
				);
				GCC_SYMBOLS_PRIVATE_EXTERN = NO;
				GCC_WARN_64_TO_32_BIT_CONVERSION = YES;
				GCC_WARN_ABOUT_RETURN_TYPE = YES_ERROR;
				GCC_WARN_UNDECLARED_SELECTOR = YES;
				GCC_WARN_UNINITIALIZED_AUTOS = YES_AGGRESSIVE;
				GCC_WARN_UNUSED_FUNCTION = YES;
				GCC_WARN_UNUSED_VARIABLE = YES;
				IPHONEOS_DEPLOYMENT_TARGET = 8.1;
				MTL_ENABLE_DEBUG_INFO = YES;
				ONLY_ACTIVE_ARCH = YES;
				SDKROOT = iphoneos;
				SWIFT_OPTIMIZATION_LEVEL = "-Onone";
			};
			name = Debug;
		};
		51B04D471B86538F0010543A /* Release */ = {
			isa = XCBuildConfiguration;
			buildSettings = {
				ALWAYS_SEARCH_USER_PATHS = NO;
				CLANG_CXX_LANGUAGE_STANDARD = "gnu++0x";
				CLANG_CXX_LIBRARY = "libc++";
				CLANG_ENABLE_MODULES = YES;
				CLANG_ENABLE_OBJC_ARC = YES;
				CLANG_WARN_BOOL_CONVERSION = YES;
				CLANG_WARN_CONSTANT_CONVERSION = YES;
				CLANG_WARN_DIRECT_OBJC_ISA_USAGE = YES_ERROR;
				CLANG_WARN_EMPTY_BODY = YES;
				CLANG_WARN_ENUM_CONVERSION = YES;
				CLANG_WARN_INT_CONVERSION = YES;
				CLANG_WARN_OBJC_ROOT_CLASS = YES_ERROR;
				CLANG_WARN_UNREACHABLE_CODE = YES;
				CLANG_WARN__DUPLICATE_METHOD_MATCH = YES;
				"CODE_SIGN_IDENTITY[sdk=iphoneos*]" = "iPhone Developer";
				COPY_PHASE_STRIP = NO;
				DEBUG_INFORMATION_FORMAT = "dwarf-with-dsym";
				ENABLE_NS_ASSERTIONS = NO;
				ENABLE_STRICT_OBJC_MSGSEND = YES;
				GCC_C_LANGUAGE_STANDARD = gnu99;
				GCC_NO_COMMON_BLOCKS = YES;
				GCC_WARN_64_TO_32_BIT_CONVERSION = YES;
				GCC_WARN_ABOUT_RETURN_TYPE = YES_ERROR;
				GCC_WARN_UNDECLARED_SELECTOR = YES;
				GCC_WARN_UNINITIALIZED_AUTOS = YES_AGGRESSIVE;
				GCC_WARN_UNUSED_FUNCTION = YES;
				GCC_WARN_UNUSED_VARIABLE = YES;
				IPHONEOS_DEPLOYMENT_TARGET = 8.1;
				MTL_ENABLE_DEBUG_INFO = NO;
				SDKROOT = iphoneos;
				VALIDATE_PRODUCT = YES;
			};
			name = Release;
		};
		51B04D491B86538F0010543A /* Debug */ = {
			isa = XCBuildConfiguration;
			buildSettings = {
				ASSETCATALOG_COMPILER_APPICON_NAME = "AppIcon-1";
				DEVELOPMENT_TEAM = FBQNLH4A3W;
				INFOPLIST_FILE = MN4/Info.plist;
				IPHONEOS_DEPLOYMENT_TARGET = 8.1;
				LD_RUNPATH_SEARCH_PATHS = "$(inherited) @executable_path/Frameworks";
				PRODUCT_BUNDLE_IDENTIFIER = "Xis9.$(PRODUCT_NAME:rfc1034identifier)";
				PRODUCT_NAME = ABC4;
				SWIFT_VERSION = 3.0;
				TARGETED_DEVICE_FAMILY = "1,2";
			};
			name = Debug;
		};
		51B04D4A1B86538F0010543A /* Release */ = {
			isa = XCBuildConfiguration;
			buildSettings = {
				ASSETCATALOG_COMPILER_APPICON_NAME = "AppIcon-1";
				DEVELOPMENT_TEAM = FBQNLH4A3W;
				INFOPLIST_FILE = MN4/Info.plist;
				IPHONEOS_DEPLOYMENT_TARGET = 8.1;
				LD_RUNPATH_SEARCH_PATHS = "$(inherited) @executable_path/Frameworks";
				PRODUCT_BUNDLE_IDENTIFIER = "Xis9.$(PRODUCT_NAME:rfc1034identifier)";
				PRODUCT_NAME = ABC4;
				SWIFT_VERSION = 3.0;
				TARGETED_DEVICE_FAMILY = "1,2";
			};
			name = Release;
		};
		51B04D4C1B86538F0010543A /* Debug */ = {
			isa = XCBuildConfiguration;
			buildSettings = {
				BUNDLE_LOADER = "$(TEST_HOST)";
				DEVELOPMENT_TEAM = FBQNLH4A3W;
				FRAMEWORK_SEARCH_PATHS = (
					"$(SDKROOT)/Developer/Library/Frameworks",
					"$(inherited)",
				);
				GCC_PREPROCESSOR_DEFINITIONS = (
					"DEBUG=1",
					"$(inherited)",
				);
				INFOPLIST_FILE = MN4Tests/Info.plist;
				LD_RUNPATH_SEARCH_PATHS = "$(inherited) @executable_path/Frameworks @loader_path/Frameworks";
				PRODUCT_BUNDLE_IDENTIFIER = "Xis9.$(PRODUCT_NAME:rfc1034identifier)";
				PRODUCT_NAME = ABC4Tests;
				SWIFT_VERSION = 3.0;
				TEST_HOST = "$(BUILT_PRODUCTS_DIR)/ABC4.app/ABC4";
			};
			name = Debug;
		};
		51B04D4D1B86538F0010543A /* Release */ = {
			isa = XCBuildConfiguration;
			buildSettings = {
				BUNDLE_LOADER = "$(TEST_HOST)";
				DEVELOPMENT_TEAM = FBQNLH4A3W;
				FRAMEWORK_SEARCH_PATHS = (
					"$(SDKROOT)/Developer/Library/Frameworks",
					"$(inherited)",
				);
				INFOPLIST_FILE = MN4Tests/Info.plist;
				LD_RUNPATH_SEARCH_PATHS = "$(inherited) @executable_path/Frameworks @loader_path/Frameworks";
				PRODUCT_BUNDLE_IDENTIFIER = "Xis9.$(PRODUCT_NAME:rfc1034identifier)";
				PRODUCT_NAME = ABC4Tests;
				SWIFT_VERSION = 3.0;
				TEST_HOST = "$(BUILT_PRODUCTS_DIR)/ABC4.app/ABC4";
			};
			name = Release;
		};
		55C640FD1F153E8E00A68CB9 /* Debug */ = {
			isa = XCBuildConfiguration;
			buildSettings = {
				CLANG_ANALYZER_NONNULL = YES;
				CLANG_ANALYZER_NUMBER_OBJECT_CONVERSION = YES_AGGRESSIVE;
				CLANG_WARN_DOCUMENTATION_COMMENTS = YES;
				CLANG_WARN_INFINITE_RECURSION = YES;
				CLANG_WARN_SUSPICIOUS_MOVE = YES;
				DEBUG_INFORMATION_FORMAT = dwarf;
				DEVELOPMENT_TEAM = FBQNLH4A3W;
				INFOPLIST_FILE = ABC4UITests/Info.plist;
				IPHONEOS_DEPLOYMENT_TARGET = 10.3;
				LD_RUNPATH_SEARCH_PATHS = "$(inherited) @executable_path/Frameworks @loader_path/Frameworks";
				PRODUCT_BUNDLE_IDENTIFIER = davi.ABC4UITests;
				PRODUCT_NAME = "$(TARGET_NAME)";
				SWIFT_ACTIVE_COMPILATION_CONDITIONS = DEBUG;
				SWIFT_VERSION = 3.0;
				TEST_TARGET_NAME = ABC4;
			};
			name = Debug;
		};
		55C640FE1F153E8E00A68CB9 /* Release */ = {
			isa = XCBuildConfiguration;
			buildSettings = {
				CLANG_ANALYZER_NONNULL = YES;
				CLANG_ANALYZER_NUMBER_OBJECT_CONVERSION = YES_AGGRESSIVE;
				CLANG_WARN_DOCUMENTATION_COMMENTS = YES;
				CLANG_WARN_INFINITE_RECURSION = YES;
				CLANG_WARN_SUSPICIOUS_MOVE = YES;
				DEVELOPMENT_TEAM = FBQNLH4A3W;
				INFOPLIST_FILE = ABC4UITests/Info.plist;
				IPHONEOS_DEPLOYMENT_TARGET = 10.3;
				LD_RUNPATH_SEARCH_PATHS = "$(inherited) @executable_path/Frameworks @loader_path/Frameworks";
				PRODUCT_BUNDLE_IDENTIFIER = davi.ABC4UITests;
				PRODUCT_NAME = "$(TARGET_NAME)";
				SWIFT_OPTIMIZATION_LEVEL = "-Owholemodule";
				SWIFT_VERSION = 3.0;
				TEST_TARGET_NAME = ABC4;
			};
			name = Release;
		};
/* End XCBuildConfiguration section */

/* Begin XCConfigurationList section */
		51B04D241B86538F0010543A /* Build configuration list for PBXProject "ABC4" */ = {
			isa = XCConfigurationList;
			buildConfigurations = (
				51B04D461B86538F0010543A /* Debug */,
				51B04D471B86538F0010543A /* Release */,
			);
			defaultConfigurationIsVisible = 0;
			defaultConfigurationName = Release;
		};
		51B04D481B86538F0010543A /* Build configuration list for PBXNativeTarget "ABC4" */ = {
			isa = XCConfigurationList;
			buildConfigurations = (
				51B04D491B86538F0010543A /* Debug */,
				51B04D4A1B86538F0010543A /* Release */,
			);
			defaultConfigurationIsVisible = 0;
			defaultConfigurationName = Release;
		};
		51B04D4B1B86538F0010543A /* Build configuration list for PBXNativeTarget "ABC4Tests" */ = {
			isa = XCConfigurationList;
			buildConfigurations = (
				51B04D4C1B86538F0010543A /* Debug */,
				51B04D4D1B86538F0010543A /* Release */,
			);
			defaultConfigurationIsVisible = 0;
			defaultConfigurationName = Release;
		};
		55C640FC1F153E8E00A68CB9 /* Build configuration list for PBXNativeTarget "ABC4UITests" */ = {
			isa = XCConfigurationList;
			buildConfigurations = (
				55C640FD1F153E8E00A68CB9 /* Debug */,
				55C640FE1F153E8E00A68CB9 /* Release */,
			);
			defaultConfigurationIsVisible = 0;
		};
/* End XCConfigurationList section */
	};
	rootObject = 51B04D211B86538F0010543A /* Project object */;
}
